
Microsoft Visual Studio Solution File, Format Version 12.00
# Visual Studio Version 17
VisualStudioVersion = 17.0.31903.59
MinimumVisualStudioVersion = 10.0.40219.1
Project("{FAE04EC0-301F-11D3-BF4B-00C04F79EFBC}") = "Pure.RelationalSchema.Samples", "Pure.RelationalSchema.Samples\Pure.RelationalSchema.Samples.csproj", "{4AEF91E5-9974-44EF-B77D-08E0133C6CB9}"
EndProject
Project("{2150E333-8FDC-42A3-9474-1A3956D46DE8}") = "Tests", "Tests", "{0AB3BF05-4346-4AA6-1389-037BE0695223}"
EndProject
Project("{FAE04EC0-301F-11D3-BF4B-00C04F79EFBC}") = "Pure.RelationalSchema.Samples.Tests", "Tests\Pure.RelationalSchema.Samples.Tests\Pure.RelationalSchema.Samples.Tests.csproj", "{7AC90434-8EC8-4FCF-8858-A7D771552446}"
EndProject
Project("{2150E333-8FDC-42A3-9474-1A3956D46DE8}") = "Solution Items", "Solution Items", "{089100B1-113F-4E66-888A-E83F3999EAFD}"
	ProjectSection(SolutionItems) = preProject
		.editorconfig = .editorconfig
		dotnet-tools.json = dotnet-tools.json
	EndProjectSection
EndProject
Global
	GlobalSection(SolutionConfigurationPlatforms) = preSolution
		Debug|Any CPU = Debug|Any CPU
		Release|Any CPU = Release|Any CPU
	EndGlobalSection
	GlobalSection(ProjectConfigurationPlatforms) = postSolution
		{4AEF91E5-9974-44EF-B77D-08E0133C6CB9}.Debug|Any CPU.ActiveCfg = Debug|Any CPU
		{4AEF91E5-9974-44EF-B77D-08E0133C6CB9}.Debug|Any CPU.Build.0 = Debug|Any CPU
		{4AEF91E5-9974-44EF-B77D-08E0133C6CB9}.Release|Any CPU.ActiveCfg = Release|Any CPU
		{4AEF91E5-9974-44EF-B77D-08E0133C6CB9}.Release|Any CPU.Build.0 = Release|Any CPU
		{7AC90434-8EC8-4FCF-8858-A7D771552446}.Debug|Any CPU.ActiveCfg = Debug|Any CPU
		{7AC90434-8EC8-4FCF-8858-A7D771552446}.Debug|Any CPU.Build.0 = Debug|Any CPU
		{7AC90434-8EC8-4FCF-8858-A7D771552446}.Release|Any CPU.ActiveCfg = Release|Any CPU
		{7AC90434-8EC8-4FCF-8858-A7D771552446}.Release|Any CPU.Build.0 = Release|Any CPU
	EndGlobalSection
	GlobalSection(SolutionProperties) = preSolution
		HideSolutionNode = FALSE
	EndGlobalSection
	GlobalSection(NestedProjects) = preSolution
		{7AC90434-8EC8-4FCF-8858-A7D771552446} = {0AB3BF05-4346-4AA6-1389-037BE0695223}
	EndGlobalSection
	GlobalSection(ExtensibilityGlobals) = postSolution
		SolutionGuid = {B1D7F1A2-3C64-4E58-9F0B-6A2E5C7D4E91}
	EndGlobalSection
EndGlobal
